{
  "nodes": {
    "nixpkgs": {
      "locked": {
        "lastModified": 1619146907,
        "narHash": "sha256-a83exRlBhFN9C+PmPwbjetSAyZssVt+GFYtPe/nXgqA=",
        "owner": "NixOS",
        "repo": "nixpkgs",
        "rev": "d7abcef1e5006585b458f5837ac7be40bc970418",
        "type": "github"
      },
      "original": {
        "id": "nixpkgs",
        "type": "indirect"
      }
    },
    "root": {
      "inputs": {
        "nixpkgs": "nixpkgs"
      }
    }
  },
  "root": "root",
  "version": 7
}
